
Microsoft Visual Studio Solution File, Format Version 12.00
# Visual Studio 2013
VisualStudioVersion = 12.0.30501.0
MinimumVisualStudioVersion = 10.0.40219.1
Project("{FAE04EC0-301F-11D3-BF4B-00C04F79EFBC}") = "HermesLib", "HermesLib\HermesLib.csproj", "{5B66AD7D-9BF2-48B1-BAF3-7CA1D5ABAE08}"
EndProject
Project("{FAE04EC0-301F-11D3-BF4B-00C04F79EFBC}") = "HermesHost", "HermesHost\HermesHost.csproj", "{53280D31-95EA-48FF-ABE2-EE48FC57194E}"
EndProject
Project("{2150E333-8FDC-42A3-9474-1A3956D46DE8}") = "Test", "Test", "{7396AF50-C23C-4F54-9E30-4BED6A33717D}"
EndProject
Project("{FAE04EC0-301F-11D3-BF4B-00C04F79EFBC}") = "HermesTest", "HermesTest\HermesTest.csproj", "{1F68C6C3-FAEC-48EB-9B33-CF5C8B5C2D7A}"
EndProject
Project("{2150E333-8FDC-42A3-9474-1A3956D46DE8}") = "Service", "Service", "{5EFE76BF-079C-43A7-9F28-6CDDBFE99905}"
EndProject
Project("{FAE04EC0-301F-11D3-BF4B-00C04F79EFBC}") = "HermesClient", "HermesClient\HermesClient.csproj", "{45F9C62F-1B02-4645-B4C4-BF88FC555902}"
EndProject
Global
	GlobalSection(SolutionConfigurationPlatforms) = preSolution
		Debug|Any CPU = Debug|Any CPU
		Release|Any CPU = Release|Any CPU
	EndGlobalSection
	GlobalSection(ProjectConfigurationPlatforms) = postSolution
		{5B66AD7D-9BF2-48B1-BAF3-7CA1D5ABAE08}.Debug|Any CPU.ActiveCfg = Debug|Any CPU
		{5B66AD7D-9BF2-48B1-BAF3-7CA1D5ABAE08}.Debug|Any CPU.Build.0 = Debug|Any CPU
		{5B66AD7D-9BF2-48B1-BAF3-7CA1D5ABAE08}.Release|Any CPU.ActiveCfg = Release|Any CPU
		{5B66AD7D-9BF2-48B1-BAF3-7CA1D5ABAE08}.Release|Any CPU.Build.0 = Release|Any CPU
		{53280D31-95EA-48FF-ABE2-EE48FC57194E}.Debug|Any CPU.ActiveCfg = Debug|Any CPU
		{53280D31-95EA-48FF-ABE2-EE48FC57194E}.Debug|Any CPU.Build.0 = Debug|Any CPU
		{53280D31-95EA-48FF-ABE2-EE48FC57194E}.Release|Any CPU.ActiveCfg = Release|Any CPU
		{53280D31-95EA-48FF-ABE2-EE48FC57194E}.Release|Any CPU.Build.0 = Release|Any CPU
		{1F68C6C3-FAEC-48EB-9B33-CF5C8B5C2D7A}.Debug|Any CPU.ActiveCfg = Debug|Any CPU
		{1F68C6C3-FAEC-48EB-9B33-CF5C8B5C2D7A}.Debug|Any CPU.Build.0 = Debug|Any CPU
		{1F68C6C3-FAEC-48EB-9B33-CF5C8B5C2D7A}.Release|Any CPU.ActiveCfg = Release|Any CPU
		{1F68C6C3-FAEC-48EB-9B33-CF5C8B5C2D7A}.Release|Any CPU.Build.0 = Release|Any CPU
		{45F9C62F-1B02-4645-B4C4-BF88FC555902}.Debug|Any CPU.ActiveCfg = Debug|Any CPU
		{45F9C62F-1B02-4645-B4C4-BF88FC555902}.Debug|Any CPU.Build.0 = Debug|Any CPU
		{45F9C62F-1B02-4645-B4C4-BF88FC555902}.Release|Any CPU.ActiveCfg = Release|Any CPU
		{45F9C62F-1B02-4645-B4C4-BF88FC555902}.Release|Any CPU.Build.0 = Release|Any CPU
	EndGlobalSection
	GlobalSection(SolutionProperties) = preSolution
		HideSolutionNode = FALSE
	EndGlobalSection
	GlobalSection(NestedProjects) = preSolution
		{5B66AD7D-9BF2-48B1-BAF3-7CA1D5ABAE08} = {5EFE76BF-079C-43A7-9F28-6CDDBFE99905}
		{1F68C6C3-FAEC-48EB-9B33-CF5C8B5C2D7A} = {7396AF50-C23C-4F54-9E30-4BED6A33717D}
	EndGlobalSection
EndGlobal
